<?xml version="1.0" encoding="utf-8"?>
<Project ToolsVersion="4.0" xmlns="http://schemas.microsoft.com/developer/msbuild/2003">
  <ItemGroup>
    <Filter Include="Source Files">
      <UniqueIdentifier>{4FC737F1-C7A5-4376-A066-2A32D752A2FF}</UniqueIdentifier>
      <Extensions>cpp;c;cc;cxx;def;odl;idl;hpj;bat;asm;asmx</Extensions>
    </Filter>
    <Filter Include="Header Files">
      <UniqueIdentifier>{93995380-89BD-4b04-88EB-625FBE52EBFB}</UniqueIdentifier>
      <Extensions>h;hh;hpp;hxx;hm;inl;inc;xsd</Extensions>
    </Filter>
    <Filter Include="Resource Files">
      <UniqueIdentifier>{67DA6AB6-F800-4c08-8B7A-83BB121AAD01}</UniqueIdentifier>
      <Extensions>rc;ico;cur;bmp;dlg;rc2;rct;bin;rgs;gif;jpg;jpeg;jpe;resx;tiff;tif;png;wav;mfcribbon-ms</Extensions>
    </Filter>
    <Filter Include="Source Files\Main">
      <UniqueIdentifier>{e712644e-1004-47f4-8d28-4354d95f8987}</UniqueIdentifier>
    </Filter>
    <Filter Include="Source Files\Main\Scene">
      <UniqueIdentifier>{9ab6a345-d2ff-4e97-adc9-8b3900bdf1b2}</UniqueIdentifier>
    </Filter>
    <Filter Include="Source Files\Main\Scene\GameObject">
      <UniqueIdentifier>{4175e561-28b3-4c66-b711-2c2e64ae5526}</UniqueIdentifier>
    </Filter>
    <Filter Include="Source Files\Main\Scene\GameObject\Components">
      <UniqueIdentifier>{bef6ea60-171e-4094-887b-80e7dd5cfff4}</UniqueIdentifier>
    </Filter>
    <Filter Include="Imgui">
      <UniqueIdentifier>{7b150272-4508-4ffa-b853-ce2879ed080f}</UniqueIdentifier>
    </Filter>
    <Filter Include="Imgui\backend">
      <UniqueIdentifier>{b5f7e2c7-649f-41f6-9582-e70f0c9d898d}</UniqueIdentifier>
    </Filter>
    <Filter Include="Source Files\TrashTheCache">
      <UniqueIdentifier>{58d027f6-4996-4234-933b-e02f1acba553}</UniqueIdentifier>
    </Filter>
    <Filter Include="Header Files\TrashTheCache">
      <UniqueIdentifier>{2d8ca051-f7ab-40aa-a121-0f6705ed9b5f}</UniqueIdentifier>
    </Filter>
    <Filter Include="Header Files\InputManager.h">
      <UniqueIdentifier>{3e0962cf-3cc1-4a60-a0a2-0e2e34011b24}</UniqueIdentifier>
    </Filter>
    <Filter Include="Header Files\Components">
      <UniqueIdentifier>{0b77a9b3-9174-4e5f-86bd-3eadbfdedf7d}</UniqueIdentifier>
    </Filter>
    <Filter Include="Source Files\Main\InputManager">
      <UniqueIdentifier>{ed492056-7b09-4122-8098-a381ee2a9703}</UniqueIdentifier>
    </Filter>
    <Filter Include="Source Files\Main\InputManager\Commands">
      <UniqueIdentifier>{f68db4b3-3088-4673-bb9d-9c7b11abb1e1}</UniqueIdentifier>
    </Filter>
    <Filter Include="Source Files\Observers">
      <UniqueIdentifier>{d8f1a819-5e84-4d98-995a-29af988dd5e3}</UniqueIdentifier>
    </Filter>
    <Filter Include="Header Files\Observers">
      <UniqueIdentifier>{410b424c-06fb-49fd-8304-1e479aa63555}</UniqueIdentifier>
    </Filter>
  </ItemGroup>
  <ItemGroup>
    <ClInclude Include="Singleton.h">
      <Filter>Header Files</Filter>
    </ClInclude>
    <ClInclude Include="ResourceManager.h">
      <Filter>Header Files</Filter>
    </ClInclude>
    <ClInclude Include="Renderer.h">
      <Filter>Header Files</Filter>
    </ClInclude>
    <ClInclude Include="Texture2D.h">
      <Filter>Header Files</Filter>
    </ClInclude>
    <ClInclude Include="GameObject.h">
      <Filter>Header Files</Filter>
    </ClInclude>
    <ClInclude Include="Transform.h">
      <Filter>Header Files</Filter>
    </ClInclude>
    <ClInclude Include="Scene.h">
      <Filter>Header Files</Filter>
    </ClInclude>
    <ClInclude Include="SceneManager.h">
      <Filter>Header Files</Filter>
    </ClInclude>
    <ClInclude Include="Font.h">
      <Filter>Header Files</Filter>
    </ClInclude>
    <ClInclude Include="Bargin.h">
      <Filter>Header Files</Filter>
    </ClInclude>
    <ClInclude Include="..\3rdParty\imgui-1.90.4\imgui.h">
      <Filter>Imgui</Filter>
    </ClInclude>
    <ClInclude Include="..\3rdParty\imgui-1.90.4\imgui_internal.h">
      <Filter>Imgui</Filter>
    </ClInclude>
    <ClInclude Include="..\3rdParty\imgui-1.90.4\imstb_rectpack.h">
      <Filter>Imgui</Filter>
    </ClInclude>
    <ClInclude Include="..\3rdParty\imgui-1.90.4\imstb_textedit.h">
      <Filter>Imgui</Filter>
    </ClInclude>
    <ClInclude Include="..\3rdParty\imgui-1.90.4\imstb_truetype.h">
      <Filter>Imgui</Filter>
    </ClInclude>
    <ClInclude Include="imgui_impl_opengl3.h">
      <Filter>Imgui\backend</Filter>
    </ClInclude>
    <ClInclude Include="imgui_impl_sdl2.h">
      <Filter>Imgui\backend</Filter>
    </ClInclude>
    <ClInclude Include="..\3rdParty\imgui-1.90.4\imgui_plot.h">
      <Filter>Imgui</Filter>
    </ClInclude>
    <ClInclude Include="ImGuiCharts.h">
      <Filter>Header Files\TrashTheCache</Filter>
    </ClInclude>
    <ClInclude Include="GameObject3D.h">
      <Filter>Header Files\TrashTheCache</Filter>
    </ClInclude>
    <ClInclude Include="GameObject3DAlt.h">
      <Filter>Header Files\TrashTheCache</Filter>
    </ClInclude>
    <ClInclude Include="TrashTheCache.h">
      <Filter>Header Files\TrashTheCache</Filter>
    </ClInclude>
    <ClInclude Include="InputManager.h">
      <Filter>Header Files\InputManager.h</Filter>
    </ClInclude>
    <ClInclude Include="Command.h">
      <Filter>Header Files\InputManager.h</Filter>
    </ClInclude>
    <ClInclude Include="FPSComponent.h">
      <Filter>Header Files\Components</Filter>
    </ClInclude>
    <ClInclude Include="ImageComponent.h">
      <Filter>Header Files\Components</Filter>
    </ClInclude>
    <ClInclude Include="RotationComponent.h">
      <Filter>Header Files\Components</Filter>
    </ClInclude>
    <ClInclude Include="TextComponent.h">
      <Filter>Header Files\Components</Filter>
    </ClInclude>
    <ClInclude Include="Component.h">
      <Filter>Header Files\Components</Filter>
    </ClInclude>
    <ClInclude Include="Move2DCommand.h">
      <Filter>Header Files\InputManager.h</Filter>
    </ClInclude>
    <ClInclude Include="Controller.h">
      <Filter>Header Files\InputManager.h</Filter>
    </ClInclude>
    <ClInclude Include="MovementComponent.h">
      <Filter>Header Files\Components</Filter>
    </ClInclude>
    <ClInclude Include="LifeObserver.h">
      <Filter>Header Files\Observers</Filter>
    </ClInclude>
    <ClInclude Include="Observer.h">
      <Filter>Header Files\Observers</Filter>
    </ClInclude>
    <ClInclude Include="PointsComponent.h">
      <Filter>Header Files\Components</Filter>
    </ClInclude>
    <ClInclude Include="AddSubtractPointsCommand.h">
      <Filter>Header Files\InputManager.h</Filter>
    </ClInclude>
  </ItemGroup>
  <ItemGroup>
    <ClCompile Include="Renderer.cpp">
      <Filter>Source Files</Filter>
    </ClCompile>
    <ClCompile Include="Texture2D.cpp">
      <Filter>Source Files</Filter>
    </ClCompile>
    <ClCompile Include="Transform.cpp">
      <Filter>Source Files</Filter>
    </ClCompile>
    <ClCompile Include="Scene.cpp">
      <Filter>Source Files</Filter>
    </ClCompile>
    <ClCompile Include="Font.cpp">
      <Filter>Source Files</Filter>
    </ClCompile>
    <ClCompile Include="GameObject.cpp">
      <Filter>Source Files\Main\Scene\GameObject</Filter>
    </ClCompile>
    <ClCompile Include="Component.cpp">
      <Filter>Source Files\Main\Scene\GameObject\Components</Filter>
    </ClCompile>
    <ClCompile Include="Main.cpp">
      <Filter>Source Files\Main</Filter>
    </ClCompile>
    <ClCompile Include="Bargin.cpp">
      <Filter>Source Files\Main</Filter>
    </ClCompile>
    <ClCompile Include="ResourceManager.cpp">
      <Filter>Source Files\Main</Filter>
    </ClCompile>
    <ClCompile Include="SceneManager.cpp">
      <Filter>Source Files\Main</Filter>
    </ClCompile>
    <ClCompile Include="ImageComponent.cpp">
      <Filter>Source Files\Main\Scene\GameObject\Components</Filter>
    </ClCompile>
    <ClCompile Include="TextComponent.cpp">
      <Filter>Source Files\Main\Scene\GameObject\Components</Filter>
    </ClCompile>
    <ClCompile Include="FPSComponent.cpp">
      <Filter>Source Files\Main\Scene\GameObject\Components</Filter>
    </ClCompile>
    <ClCompile Include="RotationComponent.cpp">
      <Filter>Source Files\Main\Scene\GameObject\Components</Filter>
    </ClCompile>
    <ClCompile Include="..\3rdParty\imgui-1.90.4\imgui.cpp">
      <Filter>Imgui</Filter>
    </ClCompile>
    <ClCompile Include="..\3rdParty\imgui-1.90.4\imgui_demo.cpp">
      <Filter>Imgui</Filter>
    </ClCompile>
    <ClCompile Include="..\3rdParty\imgui-1.90.4\imgui_draw.cpp">
      <Filter>Imgui</Filter>
    </ClCompile>
    <ClCompile Include="..\3rdParty\imgui-1.90.4\imgui_tables.cpp">
      <Filter>Imgui</Filter>
    </ClCompile>
    <ClCompile Include="..\3rdParty\imgui-1.90.4\imgui_widgets.cpp">
      <Filter>Imgui</Filter>
    </ClCompile>
    <ClCompile Include="imgui_impl_sdl2.cpp">
      <Filter>Imgui\backend</Filter>
    </ClCompile>
    <ClCompile Include="imgui_impl_opengl3.cpp">
      <Filter>Imgui\backend</Filter>
    </ClCompile>
    <ClCompile Include="..\3rdParty\imgui-1.90.4\imgui_plot.cpp">
      <Filter>Imgui</Filter>
    </ClCompile>
    <ClCompile Include="TrashTheCache.cpp">
      <Filter>Source Files\TrashTheCache</Filter>
    </ClCompile>
    <ClCompile Include="ImGuiCharts.cpp">
      <Filter>Source Files\TrashTheCache</Filter>
    </ClCompile>
    <ClCompile Include="InputManager.cpp">
      <Filter>Source Files\Main\InputManager</Filter>
    </ClCompile>
    <ClCompile Include="Move2DCommand.cpp">
      <Filter>Source Files\Main\InputManager\Commands</Filter>
    </ClCompile>
    <ClCompile Include="Draft.cpp">
      <Filter>Resource Files</Filter>
    </ClCompile>
    <ClCompile Include="Controller.cpp">
      <Filter>Source Files\Main\InputManager\Commands</Filter>
    </ClCompile>
    <ClCompile Include="HealthComponent.h">
      <Filter>Header Files\Components</Filter>
    </ClCompile>
    <ClCompile Include="MovementComponent.cpp">
      <Filter>Source Files\Main\Scene\GameObject\Components</Filter>
    </ClCompile>
    <ClCompile Include="AddSubtractHealthCommand.h">
      <Filter>Header Files\InputManager.h</Filter>
    </ClCompile>
    <ClCompile Include="AddSubtractHealthCommand.cpp">
      <Filter>Source Files\Main\InputManager\Commands</Filter>
    </ClCompile>
    <ClCompile Include="LifeObserver.cpp">
      <Filter>Source Files\Observers</Filter>
    </ClCompile>
    <ClCompile Include="HealthComponent.cpp">
      <Filter>Source Files\Main\Scene\GameObject\Components</Filter>
    </ClCompile>
    <ClCompile Include="PointsObserver.cpp">
      <Filter>Source Files\Observers</Filter>
    </ClCompile>
    <ClCompile Include="PointsComponent.cpp">
      <Filter>Source Files\Main\Scene\GameObject\Components</Filter>
    </ClCompile>
    <ClCompile Include="AddSubtractPointsCommand.cpp">
      <Filter>Source Files\Main\InputManager\Commands</Filter>
    </ClCompile>
    <ClCompile Include="PointsObserver.h">
      <Filter>Header Files\Observers</Filter>
    </ClCompile>
  </ItemGroup>
</Project>